# This file is autogenerated, do not edit; changes may be undone by the next 'dep ensure'.


[[projects]]
  name = "github.com/go-xorm/builder"
  packages = ["."]
  revision = "bad0a612f0d6277b953910822ab5dfb30dd18237"
  version = "v0.2.0"

[[projects]]
  name = "github.com/go-xorm/core"
  packages = ["."]
  revision = "c10e21e7e1cec20e09398f2dfae385e58c8df555"
  version = "v0.6.0"

[[projects]]
  name = "github.com/go-xorm/xorm"
  packages = ["."]
  revision = "d85bb4911c725a53b135fc12862748a41b6c07da"
  version = "v0.7.0"

[solve-meta]
  analyzer-name = "dep"
  analyzer-version = 1
  inputs-digest = "b46a5ca3734fafb9e3227a8eadb7beea65f3871ebed4d3cd7ef03b5f6c18e9ac"
  solver-name = "gps-cdcl"
  solver-version = 1
